
Microsoft Visual Studio Solution File, Format Version 12.00
# Visual Studio Version 17
VisualStudioVersion = 17.1.32421.90
MinimumVisualStudioVersion = 10.0.40219.1
Project("{9A19103F-16F7-4668-BE54-9A1E7A4F7556}") = "App.x86", "App.x86\App.x86.csproj", "{5E097EE0-2DF5-44B0-B094-BBD8C4CF3888}"
EndProject
Project("{9A19103F-16F7-4668-BE54-9A1E7A4F7556}") = "App.x64", "App.x64\App.x64.csproj", "{A4AD93F5-F2A6-4F87-9481-6AA1C374B8E1}"
EndProject
Project("{9A19103F-16F7-4668-BE54-9A1E7A4F7556}") = "App.AnyCPU", "App.AnyCPU\App.AnyCPU.csproj", "{13AB4C05-1975-4EA4-B2D7-9F5E73F84C19}"
EndProject
Project("{9A19103F-16F7-4668-BE54-9A1E7A4F7556}") = "DLL.x64", "DLL.x64\DLL.x64.csproj", "{889B8C39-3400-4593-834F-EC490B646E7D}"
EndProject
Project("{9A19103F-16F7-4668-BE54-9A1E7A4F7556}") = "DLL.x86", "DLL.x86\DLL.x86.csproj", "{A7B2E0C4-AAC1-4834-9ACF-8AA95A0E4571}"
EndProject
Project("{9A19103F-16F7-4668-BE54-9A1E7A4F7556}") = "DLL.AnyCPU", "DLL.AnyCPU\DLL.AnyCPU.csproj", "{9119991C-92E0-4FE4-825F-D98D5861E140}"
EndProject
Project("{9A19103F-16F7-4668-BE54-9A1E7A4F7556}") = "Common", "Common\Common.csproj", "{8864F1FA-C962-4758-996F-B2E9D1C674BF}"
EndProject
Project("{2150E333-8FDC-42A3-9474-1A3956D46DE8}") = "App", "App", "{BB3B66BE-08D8-4EF2-8F59-5BC43CAAEE9C}"
EndProject
Project("{2150E333-8FDC-42A3-9474-1A3956D46DE8}") = "Dll", "Dll", "{7B84631E-4CD8-4C9F-8B92-55CF0BC2F994}"
EndProject
Global
	GlobalSection(SolutionConfigurationPlatforms) = preSolution
		Debug|Any CPU = Debug|Any CPU
		Release|Any CPU = Release|Any CPU
	EndGlobalSection
	GlobalSection(ProjectConfigurationPlatforms) = postSolution
		{5E097EE0-2DF5-44B0-B094-BBD8C4CF3888}.Debug|Any CPU.ActiveCfg = Debug|Any CPU
		{5E097EE0-2DF5-44B0-B094-BBD8C4CF3888}.Debug|Any CPU.Build.0 = Debug|Any CPU
		{5E097EE0-2DF5-44B0-B094-BBD8C4CF3888}.Release|Any CPU.ActiveCfg = Release|Any CPU
		{5E097EE0-2DF5-44B0-B094-BBD8C4CF3888}.Release|Any CPU.Build.0 = Release|Any CPU
		{A4AD93F5-F2A6-4F87-9481-6AA1C374B8E1}.Debug|Any CPU.ActiveCfg = Debug|Any CPU
		{A4AD93F5-F2A6-4F87-9481-6AA1C374B8E1}.Debug|Any CPU.Build.0 = Debug|Any CPU
		{A4AD93F5-F2A6-4F87-9481-6AA1C374B8E1}.Release|Any CPU.ActiveCfg = Release|Any CPU
		{A4AD93F5-F2A6-4F87-9481-6AA1C374B8E1}.Release|Any CPU.Build.0 = Release|Any CPU
		{13AB4C05-1975-4EA4-B2D7-9F5E73F84C19}.Debug|Any CPU.ActiveCfg = Debug|Any CPU
		{13AB4C05-1975-4EA4-B2D7-9F5E73F84C19}.Debug|Any CPU.Build.0 = Debug|Any CPU
		{13AB4C05-1975-4EA4-B2D7-9F5E73F84C19}.Release|Any CPU.ActiveCfg = Release|Any CPU
		{13AB4C05-1975-4EA4-B2D7-9F5E73F84C19}.Release|Any CPU.Build.0 = Release|Any CPU
		{889B8C39-3400-4593-834F-EC490B646E7D}.Debug|Any CPU.ActiveCfg = Debug|Any CPU
		{889B8C39-3400-4593-834F-EC490B646E7D}.Debug|Any CPU.Build.0 = Debug|Any CPU
		{889B8C39-3400-4593-834F-EC490B646E7D}.Release|Any CPU.ActiveCfg = Release|Any CPU
		{889B8C39-3400-4593-834F-EC490B646E7D}.Release|Any CPU.Build.0 = Release|Any CPU
		{A7B2E0C4-AAC1-4834-9ACF-8AA95A0E4571}.Debug|Any CPU.ActiveCfg = Debug|Any CPU
		{A7B2E0C4-AAC1-4834-9ACF-8AA95A0E4571}.Debug|Any CPU.Build.0 = Debug|Any CPU
		{A7B2E0C4-AAC1-4834-9ACF-8AA95A0E4571}.Release|Any CPU.ActiveCfg = Release|Any CPU
		{A7B2E0C4-AAC1-4834-9ACF-8AA95A0E4571}.Release|Any CPU.Build.0 = Release|Any CPU
		{9119991C-92E0-4FE4-825F-D98D5861E140}.Debug|Any CPU.ActiveCfg = Debug|Any CPU
		{9119991C-92E0-4FE4-825F-D98D5861E140}.Debug|Any CPU.Build.0 = Debug|Any CPU
		{9119991C-92E0-4FE4-825F-D98D5861E140}.Release|Any CPU.ActiveCfg = Release|Any CPU
		{9119991C-92E0-4FE4-825F-D98D5861E140}.Release|Any CPU.Build.0 = Release|Any CPU
		{8864F1FA-C962-4758-996F-B2E9D1C674BF}.Debug|Any CPU.ActiveCfg = Debug|Any CPU
		{8864F1FA-C962-4758-996F-B2E9D1C674BF}.Debug|Any CPU.Build.0 = Debug|Any CPU
		{8864F1FA-C962-4758-996F-B2E9D1C674BF}.Release|Any CPU.ActiveCfg = Release|Any CPU
		{8864F1FA-C962-4758-996F-B2E9D1C674BF}.Release|Any CPU.Build.0 = Release|Any CPU
	EndGlobalSection
	GlobalSection(SolutionProperties) = preSolution
		HideSolutionNode = FALSE
	EndGlobalSection
	GlobalSection(NestedProjects) = preSolution
		{5E097EE0-2DF5-44B0-B094-BBD8C4CF3888} = {BB3B66BE-08D8-4EF2-8F59-5BC43CAAEE9C}
		{A4AD93F5-F2A6-4F87-9481-6AA1C374B8E1} = {BB3B66BE-08D8-4EF2-8F59-5BC43CAAEE9C}
		{13AB4C05-1975-4EA4-B2D7-9F5E73F84C19} = {BB3B66BE-08D8-4EF2-8F59-5BC43CAAEE9C}
		{889B8C39-3400-4593-834F-EC490B646E7D} = {7B84631E-4CD8-4C9F-8B92-55CF0BC2F994}
		{A7B2E0C4-AAC1-4834-9ACF-8AA95A0E4571} = {7B84631E-4CD8-4C9F-8B92-55CF0BC2F994}
		{9119991C-92E0-4FE4-825F-D98D5861E140} = {7B84631E-4CD8-4C9F-8B92-55CF0BC2F994}
	EndGlobalSection
	GlobalSection(ExtensibilityGlobals) = postSolution
		SolutionGuid = {6EE2B1C7-3629-475D-AFBA-73AFCFCDD856}
	EndGlobalSection
EndGlobal
